
Microsoft Visual Studio Solution File, Format Version 12.00
# Visual Studio Version 16
VisualStudioVersion = 16.0.30907.101
MinimumVisualStudioVersion = 10.0.40219.1
Project("{9A19103F-16F7-4668-BE54-9A1E7A4F7556}") = "Exercicio_1001", "Exercicio_1001\Exercicio_1001.csproj", "{6AAC0CA3-4AB0-457A-AB0F-32C14D7276F9}"
EndProject
Project("{9A19103F-16F7-4668-BE54-9A1E7A4F7556}") = "Exercicio_1002", "Exercicio_1002\Exercicio_1002.csproj", "{7CF36595-4170-4FDD-9B96-4495CF33E3D0}"
EndProject
Project("{9A19103F-16F7-4668-BE54-9A1E7A4F7556}") = "Exercicio_1003", "Exercicio_1003\Exercicio_1003.csproj", "{6E85B947-EDFB-4915-8B70-50B5294F92C5}"
EndProject
Project("{9A19103F-16F7-4668-BE54-9A1E7A4F7556}") = "Exercicio_1004", "Exercicio_1004\Exercicio_1004.csproj", "{3AB88E73-51EA-4F53-BE73-D42413BF792D}"
EndProject
Project("{9A19103F-16F7-4668-BE54-9A1E7A4F7556}") = "Exercicio_1005", "Exercicio_1005\Exercicio_1005.csproj", "{1EA53394-C47E-426F-B7A0-43E9AFBF61B4}"
EndProject
Project("{9A19103F-16F7-4668-BE54-9A1E7A4F7556}") = "Exercicio_1006", "Exercicio_1006\Exercicio_1006.csproj", "{15193258-5AF4-400E-808C-5EE51BAE6B37}"
EndProject
Project("{9A19103F-16F7-4668-BE54-9A1E7A4F7556}") = "Exercicio_1007", "Exercicio_1007\Exercicio_1007.csproj", "{0272D606-75B1-48F0-A093-749470704929}"
EndProject
Project("{9A19103F-16F7-4668-BE54-9A1E7A4F7556}") = "Exercicio_1008", "Exercicio_1008\Exercicio_1008.csproj", "{E30454AD-C9AD-4F83-B9AE-65BFCBE35F4F}"
EndProject
Project("{9A19103F-16F7-4668-BE54-9A1E7A4F7556}") = "Exercicio_1010", "Exercicio_1010\Exercicio_1010.csproj", "{2FCF64F3-337B-4306-9DF6-7F83870A0DEE}"
EndProject
Project("{9A19103F-16F7-4668-BE54-9A1E7A4F7556}") = "Exercicio_1014", "Exercicio_1014\Exercicio_1014.csproj", "{416FEC8C-371A-48E6-AAE5-2554486D279E}"
EndProject
Project("{9A19103F-16F7-4668-BE54-9A1E7A4F7556}") = "Exercicio_1016", "Exercicio_1016\Exercicio_1016.csproj", "{BEE0A5A5-9056-4D9E-9057-2E9FAAA4F4AE}"
EndProject
Project("{9A19103F-16F7-4668-BE54-9A1E7A4F7556}") = "Exercicio_1017", "Exercicio_1017\Exercicio_1017.csproj", "{3A8B2093-C88D-49E3-B0D3-7D16C875185B}"
EndProject
Project("{9A19103F-16F7-4668-BE54-9A1E7A4F7556}") = "Exercicio_1009", "Exercicio_1009\Exercicio_1009.csproj", "{EC1879FC-3D61-48DF-9B65-DD7A24A2ACD5}"
EndProject
Project("{9A19103F-16F7-4668-BE54-9A1E7A4F7556}") = "Exercicio_1011", "Exercicio_1011\Exercicio_1011.csproj", "{CC8B8B37-1598-4B02-B44E-F47DED169F81}"
EndProject
Project("{9A19103F-16F7-4668-BE54-9A1E7A4F7556}") = "Exercicio_1012", "Exercicio_1012\Exercicio_1012.csproj", "{96AB824B-FA4F-4F47-9AC6-269DCE9322E8}"
EndProject
Project("{9A19103F-16F7-4668-BE54-9A1E7A4F7556}") = "Exercicio_1013", "Exercicio_1013\Exercicio_1013.csproj", "{A80EFEDD-D3A2-461B-AFCA-ADC862F6B67D}"
EndProject
Project("{9A19103F-16F7-4668-BE54-9A1E7A4F7556}") = "Exercicio_1015", "Exercicio_1015\Exercicio_1015.csproj", "{5FE49338-57CC-4269-B7F2-814E06527BF1}"
EndProject
Project("{9A19103F-16F7-4668-BE54-9A1E7A4F7556}") = "Exercicio_1019", "Exercicio_1019\Exercicio_1019.csproj", "{9A1293CE-C3EA-48D7-BB8B-916155A94302}"
EndProject
Project("{9A19103F-16F7-4668-BE54-9A1E7A4F7556}") = "Exercicio_1018", "Exercicio_1018\Exercicio_1018.csproj", "{DBE39011-BB0C-4B4E-B532-413CF1030194}"
EndProject
Project("{9A19103F-16F7-4668-BE54-9A1E7A4F7556}") = "Exercicio_1020", "Exercicio_1020\Exercicio_1020.csproj", "{3F5680E0-CA00-4CF0-9DCD-E4EF1E38B257}"
EndProject
Project("{9A19103F-16F7-4668-BE54-9A1E7A4F7556}") = "Exercicio_1021", "Exercicio_1021\Exercicio_1021.csproj", "{5E7EF8ED-799B-4F94-93C8-2E890F2755D3}"
EndProject
Project("{9A19103F-16F7-4668-BE54-9A1E7A4F7556}") = "Exercicio_1036", "Exercicio_1036\Exercicio_1036.csproj", "{AE81583D-4859-486D-8841-FDC6F1C7AC66}"
EndProject
Project("{9A19103F-16F7-4668-BE54-9A1E7A4F7556}") = "Exercicio_1035", "Exercicio_1035\Exercicio_1035.csproj", "{EED893C7-67BB-4DC4-B4BB-5701FADFC27B}"
EndProject
Project("{9A19103F-16F7-4668-BE54-9A1E7A4F7556}") = "Exercicio_1038", "Exercicio_1038\Exercicio_1038.csproj", "{31F4B78A-A5C4-4C45-8DD3-71B4DB1F7ED0}"
EndProject
Project("{9A19103F-16F7-4668-BE54-9A1E7A4F7556}") = "Exercicio_1044", "Exercicio_1044\Exercicio_1044.csproj", "{89E05446-6370-410C-A9D5-92A35A0D5EFF}"
EndProject
Project("{9A19103F-16F7-4668-BE54-9A1E7A4F7556}") = "Exercicio_1046", "Exercicio_1046\Exercicio_1046.csproj", "{C065A475-8FE2-46B7-9DA3-4281C2C54E81}"
EndProject
Project("{9A19103F-16F7-4668-BE54-9A1E7A4F7556}") = "Exercicio_1048", "Exercicio_1048\Exercicio_1048.csproj", "{DDAF573E-503F-412F-8450-C28F7D0B5DEA}"
EndProject
Project("{9A19103F-16F7-4668-BE54-9A1E7A4F7556}") = "Exercicio_1037", "Exercicio_1037\Exercicio_1037.csproj", "{7E80582E-FD11-48B9-8D70-ADCD0EE900C9}"
EndProject
Project("{9A19103F-16F7-4668-BE54-9A1E7A4F7556}") = "Exercicio_1040", "Exercicio_1040\Exercicio_1040.csproj", "{9AEBD8EA-7CB4-4F08-8602-A868663BF217}"
EndProject
Project("{9A19103F-16F7-4668-BE54-9A1E7A4F7556}") = "Exercicio_1114", "Exercicio_1114\Exercicio_1114.csproj", "{1CC9E4B7-C830-4955-A583-F98806BD45AB}"
EndProject
Project("{9A19103F-16F7-4668-BE54-9A1E7A4F7556}") = "Exercicio_1117", "Exercicio_1117\Exercicio_1117.csproj", "{CDD05B83-0063-43F9-88CB-87C68A41F248}"
EndProject
Project("{9A19103F-16F7-4668-BE54-9A1E7A4F7556}") = "Exercicio_1134", "Exercicio_1134\Exercicio_1134.csproj", "{DABCC987-0B2E-4865-AE36-E39FCFB131B5}"
EndProject
Project("{9A19103F-16F7-4668-BE54-9A1E7A4F7556}") = "Exercicio_1154", "Exercicio_1154\Exercicio_1154.csproj", "{FC2109EE-BA2D-4AE8-A037-91F704007951}"
EndProject
Project("{9A19103F-16F7-4668-BE54-9A1E7A4F7556}") = "Exercicio_1118", "Exercicio_1118\Exercicio_1118.csproj", "{2347CB83-2921-4F39-ACA1-EAFF5511181F}"
EndProject
Project("{2150E333-8FDC-42A3-9474-1A3956D46DE8}") = "Uri_1000", "Uri_1000", "{7B8879A1-CE93-4B87-B2D9-E7BA3C887229}"
EndProject
Project("{9A19103F-16F7-4668-BE54-9A1E7A4F7556}") = "Exercicio_1067", "Exercicio_1067\Exercicio_1067.csproj", "{A33BDA2B-2B34-432D-8C88-26030B6B72A1}"
EndProject
Project("{9A19103F-16F7-4668-BE54-9A1E7A4F7556}") = "Exercicio_1071", "Exercicio_1071\Exercicio_1071.csproj", "{A00B5BA9-7BC6-45D2-A3AA-5F70C6931B7B}"
EndProject
Project("{FAE04EC0-301F-11D3-BF4B-00C04F79EFBC}") = "Exercicio_1094", "Exercicio_1094\Exercicio_1094.csproj", "{EF19399F-4E52-4904-90A5-541548E6B447}"
EndProject
Project("{2150E333-8FDC-42A3-9474-1A3956D46DE8}") = "Uri_1100", "Uri_1100", "{683EF40E-7058-4694-A575-634BCED81C1D}"
EndProject
Global
	GlobalSection(SolutionConfigurationPlatforms) = preSolution
		Debug|Any CPU = Debug|Any CPU
		Release|Any CPU = Release|Any CPU
	EndGlobalSection
	GlobalSection(ProjectConfigurationPlatforms) = postSolution
		{6AAC0CA3-4AB0-457A-AB0F-32C14D7276F9}.Debug|Any CPU.ActiveCfg = Debug|Any CPU
		{6AAC0CA3-4AB0-457A-AB0F-32C14D7276F9}.Debug|Any CPU.Build.0 = Debug|Any CPU
		{6AAC0CA3-4AB0-457A-AB0F-32C14D7276F9}.Release|Any CPU.ActiveCfg = Release|Any CPU
		{6AAC0CA3-4AB0-457A-AB0F-32C14D7276F9}.Release|Any CPU.Build.0 = Release|Any CPU
		{7CF36595-4170-4FDD-9B96-4495CF33E3D0}.Debug|Any CPU.ActiveCfg = Debug|Any CPU
		{7CF36595-4170-4FDD-9B96-4495CF33E3D0}.Debug|Any CPU.Build.0 = Debug|Any CPU
		{7CF36595-4170-4FDD-9B96-4495CF33E3D0}.Release|Any CPU.ActiveCfg = Release|Any CPU
		{7CF36595-4170-4FDD-9B96-4495CF33E3D0}.Release|Any CPU.Build.0 = Release|Any CPU
		{6E85B947-EDFB-4915-8B70-50B5294F92C5}.Debug|Any CPU.ActiveCfg = Debug|Any CPU
		{6E85B947-EDFB-4915-8B70-50B5294F92C5}.Debug|Any CPU.Build.0 = Debug|Any CPU
		{6E85B947-EDFB-4915-8B70-50B5294F92C5}.Release|Any CPU.ActiveCfg = Release|Any CPU
		{6E85B947-EDFB-4915-8B70-50B5294F92C5}.Release|Any CPU.Build.0 = Release|Any CPU
		{3AB88E73-51EA-4F53-BE73-D42413BF792D}.Debug|Any CPU.ActiveCfg = Debug|Any CPU
		{3AB88E73-51EA-4F53-BE73-D42413BF792D}.Debug|Any CPU.Build.0 = Debug|Any CPU
		{3AB88E73-51EA-4F53-BE73-D42413BF792D}.Release|Any CPU.ActiveCfg = Release|Any CPU
		{3AB88E73-51EA-4F53-BE73-D42413BF792D}.Release|Any CPU.Build.0 = Release|Any CPU
		{1EA53394-C47E-426F-B7A0-43E9AFBF61B4}.Debug|Any CPU.ActiveCfg = Debug|Any CPU
		{1EA53394-C47E-426F-B7A0-43E9AFBF61B4}.Debug|Any CPU.Build.0 = Debug|Any CPU
		{1EA53394-C47E-426F-B7A0-43E9AFBF61B4}.Release|Any CPU.ActiveCfg = Release|Any CPU
		{1EA53394-C47E-426F-B7A0-43E9AFBF61B4}.Release|Any CPU.Build.0 = Release|Any CPU
		{15193258-5AF4-400E-808C-5EE51BAE6B37}.Debug|Any CPU.ActiveCfg = Debug|Any CPU
		{15193258-5AF4-400E-808C-5EE51BAE6B37}.Debug|Any CPU.Build.0 = Debug|Any CPU
		{15193258-5AF4-400E-808C-5EE51BAE6B37}.Release|Any CPU.ActiveCfg = Release|Any CPU
		{15193258-5AF4-400E-808C-5EE51BAE6B37}.Release|Any CPU.Build.0 = Release|Any CPU
		{0272D606-75B1-48F0-A093-749470704929}.Debug|Any CPU.ActiveCfg = Debug|Any CPU
		{0272D606-75B1-48F0-A093-749470704929}.Debug|Any CPU.Build.0 = Debug|Any CPU
		{0272D606-75B1-48F0-A093-749470704929}.Release|Any CPU.ActiveCfg = Release|Any CPU
		{0272D606-75B1-48F0-A093-749470704929}.Release|Any CPU.Build.0 = Release|Any CPU
		{E30454AD-C9AD-4F83-B9AE-65BFCBE35F4F}.Debug|Any CPU.ActiveCfg = Debug|Any CPU
		{E30454AD-C9AD-4F83-B9AE-65BFCBE35F4F}.Debug|Any CPU.Build.0 = Debug|Any CPU
		{E30454AD-C9AD-4F83-B9AE-65BFCBE35F4F}.Release|Any CPU.ActiveCfg = Release|Any CPU
		{E30454AD-C9AD-4F83-B9AE-65BFCBE35F4F}.Release|Any CPU.Build.0 = Release|Any CPU
		{2FCF64F3-337B-4306-9DF6-7F83870A0DEE}.Debug|Any CPU.ActiveCfg = Debug|Any CPU
		{2FCF64F3-337B-4306-9DF6-7F83870A0DEE}.Debug|Any CPU.Build.0 = Debug|Any CPU
		{2FCF64F3-337B-4306-9DF6-7F83870A0DEE}.Release|Any CPU.ActiveCfg = Release|Any CPU
		{2FCF64F3-337B-4306-9DF6-7F83870A0DEE}.Release|Any CPU.Build.0 = Release|Any CPU
		{416FEC8C-371A-48E6-AAE5-2554486D279E}.Debug|Any CPU.ActiveCfg = Debug|Any CPU
		{416FEC8C-371A-48E6-AAE5-2554486D279E}.Debug|Any CPU.Build.0 = Debug|Any CPU
		{416FEC8C-371A-48E6-AAE5-2554486D279E}.Release|Any CPU.ActiveCfg = Release|Any CPU
		{416FEC8C-371A-48E6-AAE5-2554486D279E}.Release|Any CPU.Build.0 = Release|Any CPU
		{BEE0A5A5-9056-4D9E-9057-2E9FAAA4F4AE}.Debug|Any CPU.ActiveCfg = Debug|Any CPU
		{BEE0A5A5-9056-4D9E-9057-2E9FAAA4F4AE}.Debug|Any CPU.Build.0 = Debug|Any CPU
		{BEE0A5A5-9056-4D9E-9057-2E9FAAA4F4AE}.Release|Any CPU.ActiveCfg = Release|Any CPU
		{BEE0A5A5-9056-4D9E-9057-2E9FAAA4F4AE}.Release|Any CPU.Build.0 = Release|Any CPU
		{3A8B2093-C88D-49E3-B0D3-7D16C875185B}.Debug|Any CPU.ActiveCfg = Debug|Any CPU
		{3A8B2093-C88D-49E3-B0D3-7D16C875185B}.Debug|Any CPU.Build.0 = Debug|Any CPU
		{3A8B2093-C88D-49E3-B0D3-7D16C875185B}.Release|Any CPU.ActiveCfg = Release|Any CPU
		{3A8B2093-C88D-49E3-B0D3-7D16C875185B}.Release|Any CPU.Build.0 = Release|Any CPU
		{EC1879FC-3D61-48DF-9B65-DD7A24A2ACD5}.Debug|Any CPU.ActiveCfg = Debug|Any CPU
		{EC1879FC-3D61-48DF-9B65-DD7A24A2ACD5}.Debug|Any CPU.Build.0 = Debug|Any CPU
		{EC1879FC-3D61-48DF-9B65-DD7A24A2ACD5}.Release|Any CPU.ActiveCfg = Release|Any CPU
		{EC1879FC-3D61-48DF-9B65-DD7A24A2ACD5}.Release|Any CPU.Build.0 = Release|Any CPU
		{CC8B8B37-1598-4B02-B44E-F47DED169F81}.Debug|Any CPU.ActiveCfg = Debug|Any CPU
		{CC8B8B37-1598-4B02-B44E-F47DED169F81}.Debug|Any CPU.Build.0 = Debug|Any CPU
		{CC8B8B37-1598-4B02-B44E-F47DED169F81}.Release|Any CPU.ActiveCfg = Release|Any CPU
		{CC8B8B37-1598-4B02-B44E-F47DED169F81}.Release|Any CPU.Build.0 = Release|Any CPU
		{96AB824B-FA4F-4F47-9AC6-269DCE9322E8}.Debug|Any CPU.ActiveCfg = Debug|Any CPU
		{96AB824B-FA4F-4F47-9AC6-269DCE9322E8}.Debug|Any CPU.Build.0 = Debug|Any CPU
		{96AB824B-FA4F-4F47-9AC6-269DCE9322E8}.Release|Any CPU.ActiveCfg = Release|Any CPU
		{96AB824B-FA4F-4F47-9AC6-269DCE9322E8}.Release|Any CPU.Build.0 = Release|Any CPU
		{A80EFEDD-D3A2-461B-AFCA-ADC862F6B67D}.Debug|Any CPU.ActiveCfg = Debug|Any CPU
		{A80EFEDD-D3A2-461B-AFCA-ADC862F6B67D}.Debug|Any CPU.Build.0 = Debug|Any CPU
		{A80EFEDD-D3A2-461B-AFCA-ADC862F6B67D}.Release|Any CPU.ActiveCfg = Release|Any CPU
		{A80EFEDD-D3A2-461B-AFCA-ADC862F6B67D}.Release|Any CPU.Build.0 = Release|Any CPU
		{5FE49338-57CC-4269-B7F2-814E06527BF1}.Debug|Any CPU.ActiveCfg = Debug|Any CPU
		{5FE49338-57CC-4269-B7F2-814E06527BF1}.Debug|Any CPU.Build.0 = Debug|Any CPU
		{5FE49338-57CC-4269-B7F2-814E06527BF1}.Release|Any CPU.ActiveCfg = Release|Any CPU
		{5FE49338-57CC-4269-B7F2-814E06527BF1}.Release|Any CPU.Build.0 = Release|Any CPU
		{9A1293CE-C3EA-48D7-BB8B-916155A94302}.Debug|Any CPU.ActiveCfg = Debug|Any CPU
		{9A1293CE-C3EA-48D7-BB8B-916155A94302}.Debug|Any CPU.Build.0 = Debug|Any CPU
		{9A1293CE-C3EA-48D7-BB8B-916155A94302}.Release|Any CPU.ActiveCfg = Release|Any CPU
		{9A1293CE-C3EA-48D7-BB8B-916155A94302}.Release|Any CPU.Build.0 = Release|Any CPU
		{DBE39011-BB0C-4B4E-B532-413CF1030194}.Debug|Any CPU.ActiveCfg = Debug|Any CPU
		{DBE39011-BB0C-4B4E-B532-413CF1030194}.Debug|Any CPU.Build.0 = Debug|Any CPU
		{DBE39011-BB0C-4B4E-B532-413CF1030194}.Release|Any CPU.ActiveCfg = Release|Any CPU
		{DBE39011-BB0C-4B4E-B532-413CF1030194}.Release|Any CPU.Build.0 = Release|Any CPU
		{3F5680E0-CA00-4CF0-9DCD-E4EF1E38B257}.Debug|Any CPU.ActiveCfg = Debug|Any CPU
		{3F5680E0-CA00-4CF0-9DCD-E4EF1E38B257}.Debug|Any CPU.Build.0 = Debug|Any CPU
		{3F5680E0-CA00-4CF0-9DCD-E4EF1E38B257}.Release|Any CPU.ActiveCfg = Release|Any CPU
		{3F5680E0-CA00-4CF0-9DCD-E4EF1E38B257}.Release|Any CPU.Build.0 = Release|Any CPU
		{5E7EF8ED-799B-4F94-93C8-2E890F2755D3}.Debug|Any CPU.ActiveCfg = Debug|Any CPU
		{5E7EF8ED-799B-4F94-93C8-2E890F2755D3}.Debug|Any CPU.Build.0 = Debug|Any CPU
		{5E7EF8ED-799B-4F94-93C8-2E890F2755D3}.Release|Any CPU.ActiveCfg = Release|Any CPU
		{5E7EF8ED-799B-4F94-93C8-2E890F2755D3}.Release|Any CPU.Build.0 = Release|Any CPU
		{AE81583D-4859-486D-8841-FDC6F1C7AC66}.Debug|Any CPU.ActiveCfg = Debug|Any CPU
		{AE81583D-4859-486D-8841-FDC6F1C7AC66}.Debug|Any CPU.Build.0 = Debug|Any CPU
		{AE81583D-4859-486D-8841-FDC6F1C7AC66}.Release|Any CPU.ActiveCfg = Release|Any CPU
		{AE81583D-4859-486D-8841-FDC6F1C7AC66}.Release|Any CPU.Build.0 = Release|Any CPU
		{EED893C7-67BB-4DC4-B4BB-5701FADFC27B}.Debug|Any CPU.ActiveCfg = Debug|Any CPU
		{EED893C7-67BB-4DC4-B4BB-5701FADFC27B}.Debug|Any CPU.Build.0 = Debug|Any CPU
		{EED893C7-67BB-4DC4-B4BB-5701FADFC27B}.Release|Any CPU.ActiveCfg = Release|Any CPU
		{EED893C7-67BB-4DC4-B4BB-5701FADFC27B}.Release|Any CPU.Build.0 = Release|Any CPU
		{31F4B78A-A5C4-4C45-8DD3-71B4DB1F7ED0}.Debug|Any CPU.ActiveCfg = Debug|Any CPU
		{31F4B78A-A5C4-4C45-8DD3-71B4DB1F7ED0}.Debug|Any CPU.Build.0 = Debug|Any CPU
		{31F4B78A-A5C4-4C45-8DD3-71B4DB1F7ED0}.Release|Any CPU.ActiveCfg = Release|Any CPU
		{31F4B78A-A5C4-4C45-8DD3-71B4DB1F7ED0}.Release|Any CPU.Build.0 = Release|Any CPU
		{89E05446-6370-410C-A9D5-92A35A0D5EFF}.Debug|Any CPU.ActiveCfg = Debug|Any CPU
		{89E05446-6370-410C-A9D5-92A35A0D5EFF}.Debug|Any CPU.Build.0 = Debug|Any CPU
		{89E05446-6370-410C-A9D5-92A35A0D5EFF}.Release|Any CPU.ActiveCfg = Release|Any CPU
		{89E05446-6370-410C-A9D5-92A35A0D5EFF}.Release|Any CPU.Build.0 = Release|Any CPU
		{C065A475-8FE2-46B7-9DA3-4281C2C54E81}.Debug|Any CPU.ActiveCfg = Debug|Any CPU
		{C065A475-8FE2-46B7-9DA3-4281C2C54E81}.Debug|Any CPU.Build.0 = Debug|Any CPU
		{C065A475-8FE2-46B7-9DA3-4281C2C54E81}.Release|Any CPU.ActiveCfg = Release|Any CPU
		{C065A475-8FE2-46B7-9DA3-4281C2C54E81}.Release|Any CPU.Build.0 = Release|Any CPU
		{DDAF573E-503F-412F-8450-C28F7D0B5DEA}.Debug|Any CPU.ActiveCfg = Debug|Any CPU
		{DDAF573E-503F-412F-8450-C28F7D0B5DEA}.Debug|Any CPU.Build.0 = Debug|Any CPU
		{DDAF573E-503F-412F-8450-C28F7D0B5DEA}.Release|Any CPU.ActiveCfg = Release|Any CPU
		{DDAF573E-503F-412F-8450-C28F7D0B5DEA}.Release|Any CPU.Build.0 = Release|Any CPU
		{7E80582E-FD11-48B9-8D70-ADCD0EE900C9}.Debug|Any CPU.ActiveCfg = Debug|Any CPU
		{7E80582E-FD11-48B9-8D70-ADCD0EE900C9}.Debug|Any CPU.Build.0 = Debug|Any CPU
		{7E80582E-FD11-48B9-8D70-ADCD0EE900C9}.Release|Any CPU.ActiveCfg = Release|Any CPU
		{7E80582E-FD11-48B9-8D70-ADCD0EE900C9}.Release|Any CPU.Build.0 = Release|Any CPU
		{9AEBD8EA-7CB4-4F08-8602-A868663BF217}.Debug|Any CPU.ActiveCfg = Debug|Any CPU
		{9AEBD8EA-7CB4-4F08-8602-A868663BF217}.Debug|Any CPU.Build.0 = Debug|Any CPU
		{9AEBD8EA-7CB4-4F08-8602-A868663BF217}.Release|Any CPU.ActiveCfg = Release|Any CPU
		{9AEBD8EA-7CB4-4F08-8602-A868663BF217}.Release|Any CPU.Build.0 = Release|Any CPU
		{1CC9E4B7-C830-4955-A583-F98806BD45AB}.Debug|Any CPU.ActiveCfg = Debug|Any CPU
		{1CC9E4B7-C830-4955-A583-F98806BD45AB}.Debug|Any CPU.Build.0 = Debug|Any CPU
		{1CC9E4B7-C830-4955-A583-F98806BD45AB}.Release|Any CPU.ActiveCfg = Release|Any CPU
		{1CC9E4B7-C830-4955-A583-F98806BD45AB}.Release|Any CPU.Build.0 = Release|Any CPU
		{CDD05B83-0063-43F9-88CB-87C68A41F248}.Debug|Any CPU.ActiveCfg = Debug|Any CPU
		{CDD05B83-0063-43F9-88CB-87C68A41F248}.Debug|Any CPU.Build.0 = Debug|Any CPU
		{CDD05B83-0063-43F9-88CB-87C68A41F248}.Release|Any CPU.ActiveCfg = Release|Any CPU
		{CDD05B83-0063-43F9-88CB-87C68A41F248}.Release|Any CPU.Build.0 = Release|Any CPU
		{DABCC987-0B2E-4865-AE36-E39FCFB131B5}.Debug|Any CPU.ActiveCfg = Debug|Any CPU
		{DABCC987-0B2E-4865-AE36-E39FCFB131B5}.Debug|Any CPU.Build.0 = Debug|Any CPU
		{DABCC987-0B2E-4865-AE36-E39FCFB131B5}.Release|Any CPU.ActiveCfg = Release|Any CPU
		{DABCC987-0B2E-4865-AE36-E39FCFB131B5}.Release|Any CPU.Build.0 = Release|Any CPU
		{FC2109EE-BA2D-4AE8-A037-91F704007951}.Debug|Any CPU.ActiveCfg = Debug|Any CPU
		{FC2109EE-BA2D-4AE8-A037-91F704007951}.Debug|Any CPU.Build.0 = Debug|Any CPU
		{FC2109EE-BA2D-4AE8-A037-91F704007951}.Release|Any CPU.ActiveCfg = Release|Any CPU
		{FC2109EE-BA2D-4AE8-A037-91F704007951}.Release|Any CPU.Build.0 = Release|Any CPU
		{2347CB83-2921-4F39-ACA1-EAFF5511181F}.Debug|Any CPU.ActiveCfg = Debug|Any CPU
		{2347CB83-2921-4F39-ACA1-EAFF5511181F}.Debug|Any CPU.Build.0 = Debug|Any CPU
		{2347CB83-2921-4F39-ACA1-EAFF5511181F}.Release|Any CPU.ActiveCfg = Release|Any CPU
		{2347CB83-2921-4F39-ACA1-EAFF5511181F}.Release|Any CPU.Build.0 = Release|Any CPU
		{A33BDA2B-2B34-432D-8C88-26030B6B72A1}.Debug|Any CPU.ActiveCfg = Debug|Any CPU
		{A33BDA2B-2B34-432D-8C88-26030B6B72A1}.Debug|Any CPU.Build.0 = Debug|Any CPU
		{A33BDA2B-2B34-432D-8C88-26030B6B72A1}.Release|Any CPU.ActiveCfg = Release|Any CPU
		{A33BDA2B-2B34-432D-8C88-26030B6B72A1}.Release|Any CPU.Build.0 = Release|Any CPU
		{A00B5BA9-7BC6-45D2-A3AA-5F70C6931B7B}.Debug|Any CPU.ActiveCfg = Debug|Any CPU
		{A00B5BA9-7BC6-45D2-A3AA-5F70C6931B7B}.Debug|Any CPU.Build.0 = Debug|Any CPU
		{A00B5BA9-7BC6-45D2-A3AA-5F70C6931B7B}.Release|Any CPU.ActiveCfg = Release|Any CPU
		{A00B5BA9-7BC6-45D2-A3AA-5F70C6931B7B}.Release|Any CPU.Build.0 = Release|Any CPU
		{EF19399F-4E52-4904-90A5-541548E6B447}.Debug|Any CPU.ActiveCfg = Debug|Any CPU
		{EF19399F-4E52-4904-90A5-541548E6B447}.Debug|Any CPU.Build.0 = Debug|Any CPU
		{EF19399F-4E52-4904-90A5-541548E6B447}.Release|Any CPU.ActiveCfg = Release|Any CPU
		{EF19399F-4E52-4904-90A5-541548E6B447}.Release|Any CPU.Build.0 = Release|Any CPU
	EndGlobalSection
	GlobalSection(SolutionProperties) = preSolution
		HideSolutionNode = FALSE
	EndGlobalSection
	GlobalSection(NestedProjects) = preSolution
		{6AAC0CA3-4AB0-457A-AB0F-32C14D7276F9} = {7B8879A1-CE93-4B87-B2D9-E7BA3C887229}
		{7CF36595-4170-4FDD-9B96-4495CF33E3D0} = {7B8879A1-CE93-4B87-B2D9-E7BA3C887229}
		{6E85B947-EDFB-4915-8B70-50B5294F92C5} = {7B8879A1-CE93-4B87-B2D9-E7BA3C887229}
		{3AB88E73-51EA-4F53-BE73-D42413BF792D} = {7B8879A1-CE93-4B87-B2D9-E7BA3C887229}
		{1EA53394-C47E-426F-B7A0-43E9AFBF61B4} = {7B8879A1-CE93-4B87-B2D9-E7BA3C887229}
		{15193258-5AF4-400E-808C-5EE51BAE6B37} = {7B8879A1-CE93-4B87-B2D9-E7BA3C887229}
		{0272D606-75B1-48F0-A093-749470704929} = {7B8879A1-CE93-4B87-B2D9-E7BA3C887229}
		{E30454AD-C9AD-4F83-B9AE-65BFCBE35F4F} = {7B8879A1-CE93-4B87-B2D9-E7BA3C887229}
		{2FCF64F3-337B-4306-9DF6-7F83870A0DEE} = {7B8879A1-CE93-4B87-B2D9-E7BA3C887229}
		{416FEC8C-371A-48E6-AAE5-2554486D279E} = {7B8879A1-CE93-4B87-B2D9-E7BA3C887229}
		{BEE0A5A5-9056-4D9E-9057-2E9FAAA4F4AE} = {7B8879A1-CE93-4B87-B2D9-E7BA3C887229}
		{3A8B2093-C88D-49E3-B0D3-7D16C875185B} = {7B8879A1-CE93-4B87-B2D9-E7BA3C887229}
		{EC1879FC-3D61-48DF-9B65-DD7A24A2ACD5} = {7B8879A1-CE93-4B87-B2D9-E7BA3C887229}
		{CC8B8B37-1598-4B02-B44E-F47DED169F81} = {7B8879A1-CE93-4B87-B2D9-E7BA3C887229}
		{96AB824B-FA4F-4F47-9AC6-269DCE9322E8} = {7B8879A1-CE93-4B87-B2D9-E7BA3C887229}
		{A80EFEDD-D3A2-461B-AFCA-ADC862F6B67D} = {7B8879A1-CE93-4B87-B2D9-E7BA3C887229}
		{5FE49338-57CC-4269-B7F2-814E06527BF1} = {7B8879A1-CE93-4B87-B2D9-E7BA3C887229}
		{9A1293CE-C3EA-48D7-BB8B-916155A94302} = {7B8879A1-CE93-4B87-B2D9-E7BA3C887229}
		{DBE39011-BB0C-4B4E-B532-413CF1030194} = {7B8879A1-CE93-4B87-B2D9-E7BA3C887229}
		{3F5680E0-CA00-4CF0-9DCD-E4EF1E38B257} = {7B8879A1-CE93-4B87-B2D9-E7BA3C887229}
		{5E7EF8ED-799B-4F94-93C8-2E890F2755D3} = {7B8879A1-CE93-4B87-B2D9-E7BA3C887229}
		{AE81583D-4859-486D-8841-FDC6F1C7AC66} = {7B8879A1-CE93-4B87-B2D9-E7BA3C887229}
		{EED893C7-67BB-4DC4-B4BB-5701FADFC27B} = {7B8879A1-CE93-4B87-B2D9-E7BA3C887229}
		{31F4B78A-A5C4-4C45-8DD3-71B4DB1F7ED0} = {7B8879A1-CE93-4B87-B2D9-E7BA3C887229}
		{89E05446-6370-410C-A9D5-92A35A0D5EFF} = {7B8879A1-CE93-4B87-B2D9-E7BA3C887229}
		{C065A475-8FE2-46B7-9DA3-4281C2C54E81} = {7B8879A1-CE93-4B87-B2D9-E7BA3C887229}
		{DDAF573E-503F-412F-8450-C28F7D0B5DEA} = {7B8879A1-CE93-4B87-B2D9-E7BA3C887229}
		{7E80582E-FD11-48B9-8D70-ADCD0EE900C9} = {7B8879A1-CE93-4B87-B2D9-E7BA3C887229}
		{9AEBD8EA-7CB4-4F08-8602-A868663BF217} = {7B8879A1-CE93-4B87-B2D9-E7BA3C887229}
		{1CC9E4B7-C830-4955-A583-F98806BD45AB} = {683EF40E-7058-4694-A575-634BCED81C1D}
		{CDD05B83-0063-43F9-88CB-87C68A41F248} = {683EF40E-7058-4694-A575-634BCED81C1D}
		{DABCC987-0B2E-4865-AE36-E39FCFB131B5} = {683EF40E-7058-4694-A575-634BCED81C1D}
		{FC2109EE-BA2D-4AE8-A037-91F704007951} = {683EF40E-7058-4694-A575-634BCED81C1D}
		{2347CB83-2921-4F39-ACA1-EAFF5511181F} = {683EF40E-7058-4694-A575-634BCED81C1D}
		{A33BDA2B-2B34-432D-8C88-26030B6B72A1} = {7B8879A1-CE93-4B87-B2D9-E7BA3C887229}
		{A00B5BA9-7BC6-45D2-A3AA-5F70C6931B7B} = {7B8879A1-CE93-4B87-B2D9-E7BA3C887229}
		{EF19399F-4E52-4904-90A5-541548E6B447} = {7B8879A1-CE93-4B87-B2D9-E7BA3C887229}
	EndGlobalSection
	GlobalSection(ExtensibilityGlobals) = postSolution
		SolutionGuid = {642D349E-AE58-40EB-8214-6C1E903E6CB2}
	EndGlobalSection
EndGlobal
