
Microsoft Visual Studio Solution File, Format Version 12.00
# Visual Studio Version 16
VisualStudioVersion = 16.0.30907.101
MinimumVisualStudioVersion = 10.0.40219.1
Project("{9A19103F-16F7-4668-BE54-9A1E7A4F7556}") = "Exercicio_1001", "Exercicio_1001\Exercicio_1001.csproj", "{6AAC0CA3-4AB0-457A-AB0F-32C14D7276F9}"
EndProject
Project("{FAE04EC0-301F-11D3-BF4B-00C04F79EFBC}") = "Exercicio_1002", "Exercicio_1002\Exercicio_1002.csproj", "{7CF36595-4170-4FDD-9B96-4495CF33E3D0}"
EndProject
Project("{FAE04EC0-301F-11D3-BF4B-00C04F79EFBC}") = "Exercicio_1003", "Exercicio_1003\Exercicio_1003.csproj", "{6E85B947-EDFB-4915-8B70-50B5294F92C5}"
EndProject
Global
	GlobalSection(SolutionConfigurationPlatforms) = preSolution
		Debug|Any CPU = Debug|Any CPU
		Release|Any CPU = Release|Any CPU
	EndGlobalSection
	GlobalSection(ProjectConfigurationPlatforms) = postSolution
		{6AAC0CA3-4AB0-457A-AB0F-32C14D7276F9}.Debug|Any CPU.ActiveCfg = Debug|Any CPU
		{6AAC0CA3-4AB0-457A-AB0F-32C14D7276F9}.Debug|Any CPU.Build.0 = Debug|Any CPU
		{6AAC0CA3-4AB0-457A-AB0F-32C14D7276F9}.Release|Any CPU.ActiveCfg = Release|Any CPU
		{6AAC0CA3-4AB0-457A-AB0F-32C14D7276F9}.Release|Any CPU.Build.0 = Release|Any CPU
		{7CF36595-4170-4FDD-9B96-4495CF33E3D0}.Debug|Any CPU.ActiveCfg = Debug|Any CPU
		{7CF36595-4170-4FDD-9B96-4495CF33E3D0}.Debug|Any CPU.Build.0 = Debug|Any CPU
		{7CF36595-4170-4FDD-9B96-4495CF33E3D0}.Release|Any CPU.ActiveCfg = Release|Any CPU
		{7CF36595-4170-4FDD-9B96-4495CF33E3D0}.Release|Any CPU.Build.0 = Release|Any CPU
		{6E85B947-EDFB-4915-8B70-50B5294F92C5}.Debug|Any CPU.ActiveCfg = Debug|Any CPU
		{6E85B947-EDFB-4915-8B70-50B5294F92C5}.Debug|Any CPU.Build.0 = Debug|Any CPU
		{6E85B947-EDFB-4915-8B70-50B5294F92C5}.Release|Any CPU.ActiveCfg = Release|Any CPU
		{6E85B947-EDFB-4915-8B70-50B5294F92C5}.Release|Any CPU.Build.0 = Release|Any CPU
	EndGlobalSection
	GlobalSection(SolutionProperties) = preSolution
		HideSolutionNode = FALSE
	EndGlobalSection
	GlobalSection(ExtensibilityGlobals) = postSolution
		SolutionGuid = {642D349E-AE58-40EB-8214-6C1E903E6CB2}
	EndGlobalSection
EndGlobal
